{
  "name": "rand-gen-pass",
  "version": "2.1.1",
  "lockfileVersion": 2,
  "requires": true,
  "packages": {
    "": {
      "name": "rand-gen-pass",
      "version": "2.1.1",
      "license": "ISC",
      "dependencies": {
        "csprng-num": "^1.0.1"
      }
    },
    "node_modules/csprng-num": {
      "version": "1.0.1",
      "resolved": "https://registry.npmjs.org/csprng-num/-/csprng-num-1.0.1.tgz",
      "integrity": "sha512-y5pb5A+hvVjA6up6FSC14sLaXFUC9rnuKTsSe1Ls4hOaEzYZGswjIaUlvvRU/LYcfUJNv9Kmd4DeayasfbGFuw=="
    }
  },
  "dependencies": {
    "csprng-num": {
      "version": "1.0.1",
      "resolved": "https://registry.npmjs.org/csprng-num/-/csprng-num-1.0.1.tgz",
      "integrity": "sha512-y5pb5A+hvVjA6up6FSC14sLaXFUC9rnuKTsSe1Ls4hOaEzYZGswjIaUlvvRU/LYcfUJNv9Kmd4DeayasfbGFuw=="
    }
  }
}
